
Microsoft Visual Studio Solution File, Format Version 12.00
# Visual Studio Version 16
VisualStudioVersion = 16.0.30413.136
MinimumVisualStudioVersion = 10.0.40219.1
Project("{FAE04EC0-301F-11D3-BF4B-00C04F79EFBC}") = "CW1_00010114", "CW1_00010114.csproj", "{C18A1074-8350-4867-8A5B-8798F87E2D34}"
EndProject
Project("{FAE04EC0-301F-11D3-BF4B-00C04F79EFBC}") = "Application.DAL", "..\Application.DAL\Application.DAL.csproj", "{D80B3C16-9D00-4493-B387-7B46A2AD1B84}"
EndProject
Global
	GlobalSection(SolutionConfigurationPlatforms) = preSolution
		Debug|Any CPU = Debug|Any CPU
		Release|Any CPU = Release|Any CPU
	EndGlobalSection
	GlobalSection(ProjectConfigurationPlatforms) = postSolution
		{C18A1074-8350-4867-8A5B-8798F87E2D34}.Debug|Any CPU.ActiveCfg = Debug|Any CPU
		{C18A1074-8350-4867-8A5B-8798F87E2D34}.Debug|Any CPU.Build.0 = Debug|Any CPU
		{C18A1074-8350-4867-8A5B-8798F87E2D34}.Release|Any CPU.ActiveCfg = Release|Any CPU
		{C18A1074-8350-4867-8A5B-8798F87E2D34}.Release|Any CPU.Build.0 = Release|Any CPU
		{D80B3C16-9D00-4493-B387-7B46A2AD1B84}.Debug|Any CPU.ActiveCfg = Debug|Any CPU
		{D80B3C16-9D00-4493-B387-7B46A2AD1B84}.Debug|Any CPU.Build.0 = Debug|Any CPU
		{D80B3C16-9D00-4493-B387-7B46A2AD1B84}.Release|Any CPU.ActiveCfg = Release|Any CPU
		{D80B3C16-9D00-4493-B387-7B46A2AD1B84}.Release|Any CPU.Build.0 = Release|Any CPU
	EndGlobalSection
	GlobalSection(SolutionProperties) = preSolution
		HideSolutionNode = FALSE
	EndGlobalSection
	GlobalSection(ExtensibilityGlobals) = postSolution
		SolutionGuid = {544A0963-7516-448D-A481-E18B41C30EA9}
	EndGlobalSection
EndGlobal
